
Microsoft Visual Studio Solution File, Format Version 12.00
# Visual Studio Version 17
VisualStudioVersion = 17.7.34202.233
MinimumVisualStudioVersion = 10.0.40219.1
Project("{8BC9CEB8-8B4A-11D0-8D11-00A0C91BC942}") = "task_01", "task_01\task_01.vcxproj", "{2E34E9BC-84F6-4944-B40F-C851A5165BE8}"
EndProject
Project("{8BC9CEB8-8B4A-11D0-8D11-00A0C91BC942}") = "task_02", "task_02\task_02.vcxproj", "{8AB7EEF2-D69A-4472-B6C5-7EEE4779B564}"
EndProject
Project("{8BC9CEB8-8B4A-11D0-8D11-00A0C91BC942}") = "task_03", "task_03\task_03.vcxproj", "{859FFEB3-0C58-493A-A696-1E56D7A56AF4}"
EndProject
Project("{8BC9CEB8-8B4A-11D0-8D11-00A0C91BC942}") = "task_04", "task_04\task_04.vcxproj", "{B9B14ECF-62EB-404F-A4D5-32D830394A90}"
EndProject
Project("{8BC9CEB8-8B4A-11D0-8D11-00A0C91BC942}") = "task_05", "task_05\task_05.vcxproj", "{BF744CA9-2C84-4F8D-A733-C87581E941EE}"
EndProject
Project("{8BC9CEB8-8B4A-11D0-8D11-00A0C91BC942}") = "task_06", "task_06\task_06.vcxproj", "{99BFDB69-D0B0-426B-AF75-E147C5E5D4C1}"
EndProject
Project("{8BC9CEB8-8B4A-11D0-8D11-00A0C91BC942}") = "task_07", "task_07\task_07.vcxproj", "{AA425574-9089-42D7-868B-281A356B99B8}"
EndProject
Global
	GlobalSection(SolutionConfigurationPlatforms) = preSolution
		Debug|x64 = Debug|x64
		Debug|x86 = Debug|x86
		Release|x64 = Release|x64
		Release|x86 = Release|x86
	EndGlobalSection
	GlobalSection(ProjectConfigurationPlatforms) = postSolution
		{2E34E9BC-84F6-4944-B40F-C851A5165BE8}.Debug|x64.ActiveCfg = Debug|x64
		{2E34E9BC-84F6-4944-B40F-C851A5165BE8}.Debug|x64.Build.0 = Debug|x64
		{2E34E9BC-84F6-4944-B40F-C851A5165BE8}.Debug|x86.ActiveCfg = Debug|Win32
		{2E34E9BC-84F6-4944-B40F-C851A5165BE8}.Debug|x86.Build.0 = Debug|Win32
		{2E34E9BC-84F6-4944-B40F-C851A5165BE8}.Release|x64.ActiveCfg = Release|x64
		{2E34E9BC-84F6-4944-B40F-C851A5165BE8}.Release|x64.Build.0 = Release|x64
		{2E34E9BC-84F6-4944-B40F-C851A5165BE8}.Release|x86.ActiveCfg = Release|Win32
		{2E34E9BC-84F6-4944-B40F-C851A5165BE8}.Release|x86.Build.0 = Release|Win32
		{8AB7EEF2-D69A-4472-B6C5-7EEE4779B564}.Debug|x64.ActiveCfg = Debug|x64
		{8AB7EEF2-D69A-4472-B6C5-7EEE4779B564}.Debug|x64.Build.0 = Debug|x64
		{8AB7EEF2-D69A-4472-B6C5-7EEE4779B564}.Debug|x86.ActiveCfg = Debug|Win32
		{8AB7EEF2-D69A-4472-B6C5-7EEE4779B564}.Debug|x86.Build.0 = Debug|Win32
		{8AB7EEF2-D69A-4472-B6C5-7EEE4779B564}.Release|x64.ActiveCfg = Release|x64
		{8AB7EEF2-D69A-4472-B6C5-7EEE4779B564}.Release|x64.Build.0 = Release|x64
		{8AB7EEF2-D69A-4472-B6C5-7EEE4779B564}.Release|x86.ActiveCfg = Release|Win32
		{8AB7EEF2-D69A-4472-B6C5-7EEE4779B564}.Release|x86.Build.0 = Release|Win32
		{859FFEB3-0C58-493A-A696-1E56D7A56AF4}.Debug|x64.ActiveCfg = Debug|x64
		{859FFEB3-0C58-493A-A696-1E56D7A56AF4}.Debug|x64.Build.0 = Debug|x64
		{859FFEB3-0C58-493A-A696-1E56D7A56AF4}.Debug|x86.ActiveCfg = Debug|Win32
		{859FFEB3-0C58-493A-A696-1E56D7A56AF4}.Debug|x86.Build.0 = Debug|Win32
		{859FFEB3-0C58-493A-A696-1E56D7A56AF4}.Release|x64.ActiveCfg = Release|x64
		{859FFEB3-0C58-493A-A696-1E56D7A56AF4}.Release|x64.Build.0 = Release|x64
		{859FFEB3-0C58-493A-A696-1E56D7A56AF4}.Release|x86.ActiveCfg = Release|Win32
		{859FFEB3-0C58-493A-A696-1E56D7A56AF4}.Release|x86.Build.0 = Release|Win32
		{B9B14ECF-62EB-404F-A4D5-32D830394A90}.Debug|x64.ActiveCfg = Debug|x64
		{B9B14ECF-62EB-404F-A4D5-32D830394A90}.Debug|x64.Build.0 = Debug|x64
		{B9B14ECF-62EB-404F-A4D5-32D830394A90}.Debug|x86.ActiveCfg = Debug|Win32
		{B9B14ECF-62EB-404F-A4D5-32D830394A90}.Debug|x86.Build.0 = Debug|Win32
		{B9B14ECF-62EB-404F-A4D5-32D830394A90}.Release|x64.ActiveCfg = Release|x64
		{B9B14ECF-62EB-404F-A4D5-32D830394A90}.Release|x64.Build.0 = Release|x64
		{B9B14ECF-62EB-404F-A4D5-32D830394A90}.Release|x86.ActiveCfg = Release|Win32
		{B9B14ECF-62EB-404F-A4D5-32D830394A90}.Release|x86.Build.0 = Release|Win32
		{BF744CA9-2C84-4F8D-A733-C87581E941EE}.Debug|x64.ActiveCfg = Debug|x64
		{BF744CA9-2C84-4F8D-A733-C87581E941EE}.Debug|x64.Build.0 = Debug|x64
		{BF744CA9-2C84-4F8D-A733-C87581E941EE}.Debug|x86.ActiveCfg = Debug|Win32
		{BF744CA9-2C84-4F8D-A733-C87581E941EE}.Debug|x86.Build.0 = Debug|Win32
		{BF744CA9-2C84-4F8D-A733-C87581E941EE}.Release|x64.ActiveCfg = Release|x64
		{BF744CA9-2C84-4F8D-A733-C87581E941EE}.Release|x64.Build.0 = Release|x64
		{BF744CA9-2C84-4F8D-A733-C87581E941EE}.Release|x86.ActiveCfg = Release|Win32
		{BF744CA9-2C84-4F8D-A733-C87581E941EE}.Release|x86.Build.0 = Release|Win32
		{99BFDB69-D0B0-426B-AF75-E147C5E5D4C1}.Debug|x64.ActiveCfg = Debug|x64
		{99BFDB69-D0B0-426B-AF75-E147C5E5D4C1}.Debug|x64.Build.0 = Debug|x64
		{99BFDB69-D0B0-426B-AF75-E147C5E5D4C1}.Debug|x86.ActiveCfg = Debug|Win32
		{99BFDB69-D0B0-426B-AF75-E147C5E5D4C1}.Debug|x86.Build.0 = Debug|Win32
		{99BFDB69-D0B0-426B-AF75-E147C5E5D4C1}.Release|x64.ActiveCfg = Release|x64
		{99BFDB69-D0B0-426B-AF75-E147C5E5D4C1}.Release|x64.Build.0 = Release|x64
		{99BFDB69-D0B0-426B-AF75-E147C5E5D4C1}.Release|x86.ActiveCfg = Release|Win32
		{99BFDB69-D0B0-426B-AF75-E147C5E5D4C1}.Release|x86.Build.0 = Release|Win32
		{AA425574-9089-42D7-868B-281A356B99B8}.Debug|x64.ActiveCfg = Debug|x64
		{AA425574-9089-42D7-868B-281A356B99B8}.Debug|x64.Build.0 = Debug|x64
		{AA425574-9089-42D7-868B-281A356B99B8}.Debug|x86.ActiveCfg = Debug|Win32
		{AA425574-9089-42D7-868B-281A356B99B8}.Debug|x86.Build.0 = Debug|Win32
		{AA425574-9089-42D7-868B-281A356B99B8}.Release|x64.ActiveCfg = Release|x64
		{AA425574-9089-42D7-868B-281A356B99B8}.Release|x64.Build.0 = Release|x64
		{AA425574-9089-42D7-868B-281A356B99B8}.Release|x86.ActiveCfg = Release|Win32
		{AA425574-9089-42D7-868B-281A356B99B8}.Release|x86.Build.0 = Release|Win32
	EndGlobalSection
	GlobalSection(SolutionProperties) = preSolution
		HideSolutionNode = FALSE
	EndGlobalSection
	GlobalSection(ExtensibilityGlobals) = postSolution
		SolutionGuid = {6EA9D15F-1E4C-45E3-8348-8ACE4A04D6F6}
	EndGlobalSection
EndGlobal
